
Microsoft Visual Studio Solution File, Format Version 12.00
# Visual Studio Version 17
VisualStudioVersion = 17.6.33723.286
MinimumVisualStudioVersion = 10.0.40219.1
Project("{FAE04EC0-301F-11D3-BF4B-00C04F79EFBC}") = "LaCasitaDeFreireDAO", "Freireland\LaCasitaDeFreireDAO.csproj", "{F6F74142-06B3-447B-92F7-A2A052BB9C92}"
EndProject
Project("{FAE04EC0-301F-11D3-BF4B-00C04F79EFBC}") = "LaCasitaDeFreireWeb", "LaCasitaDeFreireWeb\LaCasitaDeFreireWeb.csproj", "{2F9911D8-E165-4DF7-A6A3-09AE0AAA2DE1}"
EndProject
Global
	GlobalSection(SolutionConfigurationPlatforms) = preSolution
		Debug|Any CPU = Debug|Any CPU
		Release|Any CPU = Release|Any CPU
	EndGlobalSection
	GlobalSection(ProjectConfigurationPlatforms) = postSolution
		{F6F74142-06B3-447B-92F7-A2A052BB9C92}.Debug|Any CPU.ActiveCfg = Debug|Any CPU
		{F6F74142-06B3-447B-92F7-A2A052BB9C92}.Debug|Any CPU.Build.0 = Debug|Any CPU
		{F6F74142-06B3-447B-92F7-A2A052BB9C92}.Release|Any CPU.ActiveCfg = Release|Any CPU
		{F6F74142-06B3-447B-92F7-A2A052BB9C92}.Release|Any CPU.Build.0 = Release|Any CPU
		{2F9911D8-E165-4DF7-A6A3-09AE0AAA2DE1}.Debug|Any CPU.ActiveCfg = Debug|Any CPU
		{2F9911D8-E165-4DF7-A6A3-09AE0AAA2DE1}.Debug|Any CPU.Build.0 = Debug|Any CPU
		{2F9911D8-E165-4DF7-A6A3-09AE0AAA2DE1}.Release|Any CPU.ActiveCfg = Release|Any CPU
		{2F9911D8-E165-4DF7-A6A3-09AE0AAA2DE1}.Release|Any CPU.Build.0 = Release|Any CPU
	EndGlobalSection
	GlobalSection(SolutionProperties) = preSolution
		HideSolutionNode = FALSE
	EndGlobalSection
	GlobalSection(ExtensibilityGlobals) = postSolution
		SolutionGuid = {86C53EAF-6CC3-4F66-BFB8-52A6F7770CCE}
	EndGlobalSection
EndGlobal
